
Microsoft Visual Studio Solution File, Format Version 12.00
# Visual Studio Version 17
VisualStudioVersion = 17.9.34714.143
MinimumVisualStudioVersion = 10.0.40219.1
Project("{FAE04EC0-301F-11D3-BF4B-00C04F79EFBC}") = "AdvancedImport", "MyBlogFinal\AdvancedImport.csproj", "{CE9D6095-15B7-4643-9626-234B3473804B}"
EndProject
Global
	GlobalSection(SolutionConfigurationPlatforms) = preSolution
		Debug|Any CPU = Debug|Any CPU
		Release|Any CPU = Release|Any CPU
	EndGlobalSection
	GlobalSection(ProjectConfigurationPlatforms) = postSolution
		{CE9D6095-15B7-4643-9626-234B3473804B}.Debug|Any CPU.ActiveCfg = Debug|Any CPU
		{CE9D6095-15B7-4643-9626-234B3473804B}.Debug|Any CPU.Build.0 = Debug|Any CPU
		{CE9D6095-15B7-4643-9626-234B3473804B}.Release|Any CPU.ActiveCfg = Release|Any CPU
		{CE9D6095-15B7-4643-9626-234B3473804B}.Release|Any CPU.Build.0 = Release|Any CPU
	EndGlobalSection
	GlobalSection(SolutionProperties) = preSolution
		HideSolutionNode = FALSE
	EndGlobalSection
	GlobalSection(ExtensibilityGlobals) = postSolution
		SolutionGuid = {01546694-1FF5-4A01-A26E-EFB2D3C43A6D}
	EndGlobalSection
EndGlobal
